
Microsoft Visual Studio Solution File, Format Version 12.00
# Visual Studio Version 16
VisualStudioVersion = 16.0.33529.622
MinimumVisualStudioVersion = 10.0.40219.1
Project("{FAE04EC0-301F-11D3-BF4B-00C04F79EFBC}") = "WindowsFormsApp1", "WindowsFormsApp1\WindowsFormsApp1.csproj", "{16EC8925-53B3-4CEB-9FCB-878C69E405C6}"
EndProject
Global
	GlobalSection(SolutionConfigurationPlatforms) = preSolution
		Debug|Any CPU = Debug|Any CPU
		Release|Any CPU = Release|Any CPU
	EndGlobalSection
	GlobalSection(ProjectConfigurationPlatforms) = postSolution
		{16EC8925-53B3-4CEB-9FCB-878C69E405C6}.Debug|Any CPU.ActiveCfg = Debug|Any CPU
		{16EC8925-53B3-4CEB-9FCB-878C69E405C6}.Debug|Any CPU.Build.0 = Debug|Any CPU
		{16EC8925-53B3-4CEB-9FCB-878C69E405C6}.Release|Any CPU.ActiveCfg = Release|Any CPU
		{16EC8925-53B3-4CEB-9FCB-878C69E405C6}.Release|Any CPU.Build.0 = Release|Any CPU
	EndGlobalSection
	GlobalSection(SolutionProperties) = preSolution
		HideSolutionNode = FALSE
	EndGlobalSection
	GlobalSection(ExtensibilityGlobals) = postSolution
		SolutionGuid = {CF03E3BF-AAF9-441E-80F7-82FA184CFBF8}
	EndGlobalSection
EndGlobal
